
Microsoft Visual Studio Solution File, Format Version 12.00
# Visual Studio 2013
VisualStudioVersion = 12.0.31101.0
MinimumVisualStudioVersion = 10.0.40219.1
Project("{FAE04EC0-301F-11D3-BF4B-00C04F79EFBC}") = "Kappa.Data", "Kappa.Data\Kappa.Data.csproj", "{B5CEDE1F-132F-4D01-91F6-DAED8C311B12}"
EndProject
Project("{FAE04EC0-301F-11D3-BF4B-00C04F79EFBC}") = "Kappa.RestServices", "Kappa.RestServices\Kappa.RestServices.csproj", "{4B9CA1B4-5AE1-4A4E-A90F-3189724B1CDB}"
EndProject
Global
	GlobalSection(SolutionConfigurationPlatforms) = preSolution
		Debug|Any CPU = Debug|Any CPU
		Release|Any CPU = Release|Any CPU
	EndGlobalSection
	GlobalSection(ProjectConfigurationPlatforms) = postSolution
		{B5CEDE1F-132F-4D01-91F6-DAED8C311B12}.Debug|Any CPU.ActiveCfg = Debug|Any CPU
		{B5CEDE1F-132F-4D01-91F6-DAED8C311B12}.Debug|Any CPU.Build.0 = Debug|Any CPU
		{B5CEDE1F-132F-4D01-91F6-DAED8C311B12}.Release|Any CPU.ActiveCfg = Release|Any CPU
		{B5CEDE1F-132F-4D01-91F6-DAED8C311B12}.Release|Any CPU.Build.0 = Release|Any CPU
		{4B9CA1B4-5AE1-4A4E-A90F-3189724B1CDB}.Debug|Any CPU.ActiveCfg = Debug|Any CPU
		{4B9CA1B4-5AE1-4A4E-A90F-3189724B1CDB}.Debug|Any CPU.Build.0 = Debug|Any CPU
		{4B9CA1B4-5AE1-4A4E-A90F-3189724B1CDB}.Release|Any CPU.ActiveCfg = Release|Any CPU
		{4B9CA1B4-5AE1-4A4E-A90F-3189724B1CDB}.Release|Any CPU.Build.0 = Release|Any CPU
	EndGlobalSection
	GlobalSection(SolutionProperties) = preSolution
		HideSolutionNode = FALSE
	EndGlobalSection
EndGlobal
